#MicroXplorer Configuration settings - do not modify
ADC1.Channel-4\#ChannelRegularConversion=ADC_CHANNEL_10
ADC1.Channel-5\#ChannelRegularConversion=ADC_CHANNEL_11
ADC1.Channel-6\#ChannelRegularConversion=ADC_CHANNEL_12
ADC1.Channel-7\#ChannelRegularConversion=ADC_CHANNEL_13
ADC1.Channel-8\#ChannelRegularConversion=ADC_CHANNEL_VREFINT
ADC1.Channel-9\#ChannelRegularConversion=ADC_CHANNEL_10
ADC1.ClockPrescaler=ADC_CLOCK_SYNC_PCLK_DIV8
ADC1.ContinuousConvMode=ENABLE
ADC1.DMAContinuousRequests=ENABLE
ADC1.DataAlign=ADC_DATAALIGN_RIGHT
ADC1.DiscontinuousConvMode=DISABLE
ADC1.EOCSelection=ADC_EOC_SINGLE_CONV
ADC1.EnableAnalogWatchDog=false
ADC1.ExternalTrigConv=ADC_SOFTWARE_START
ADC1.ExternalTrigConvEdge=ADC_EXTERNALTRIGCONVEDGE_NONE
ADC1.IPParameters=Rank-4\#ChannelRegularConversion,Channel-4\#ChannelRegularConversion,SamplingTime-4\#ChannelRegularConversion,NbrOfConversionFlag,master,ClockPrescaler,Resolution,DataAlign,ScanConvMode,ContinuousConvMode,DiscontinuousConvMode,DMAContinuousRequests,EOCSelection,NbrOfConversion,ExternalTrigConv,ExternalTrigConvEdge,InjNumberOfConversion,EnableAnalogWatchDog,Rank-5\#ChannelRegularConversion,Channel-5\#ChannelRegularConversion,SamplingTime-5\#ChannelRegularConversion,Rank-6\#ChannelRegularConversion,Channel-6\#ChannelRegularConversion,SamplingTime-6\#ChannelRegularConversion,Rank-7\#ChannelRegularConversion,Channel-7\#ChannelRegularConversion,SamplingTime-7\#ChannelRegularConversion,Rank-8\#ChannelRegularConversion,Channel-8\#ChannelRegularConversion,SamplingTime-8\#ChannelRegularConversion,Rank-9\#ChannelRegularConversion,Channel-9\#ChannelRegularConversion,SamplingTime-9\#ChannelRegularConversion
ADC1.InjNumberOfConversion=0
ADC1.NbrOfConversion=6
ADC1.NbrOfConversionFlag=1
ADC1.Rank-4\#ChannelRegularConversion=1
ADC1.Rank-5\#ChannelRegularConversion=2
ADC1.Rank-6\#ChannelRegularConversion=3
ADC1.Rank-7\#ChannelRegularConversion=4
ADC1.Rank-8\#ChannelRegularConversion=5
ADC1.Rank-9\#ChannelRegularConversion=6
ADC1.Resolution=ADC_RESOLUTION_12B
ADC1.SamplingTime-4\#ChannelRegularConversion=ADC_SAMPLETIME_15CYCLES
ADC1.SamplingTime-5\#ChannelRegularConversion=ADC_SAMPLETIME_15CYCLES
ADC1.SamplingTime-6\#ChannelRegularConversion=ADC_SAMPLETIME_15CYCLES
ADC1.SamplingTime-7\#ChannelRegularConversion=ADC_SAMPLETIME_15CYCLES
ADC1.SamplingTime-8\#ChannelRegularConversion=ADC_SAMPLETIME_15CYCLES
ADC1.SamplingTime-9\#ChannelRegularConversion=ADC_SAMPLETIME_3CYCLES
ADC1.ScanConvMode=ENABLE
ADC1.master=1
ADC3.Channel-21\#ChannelRegularConversion=ADC_CHANNEL_4
ADC3.Channel-22\#ChannelRegularConversion=ADC_CHANNEL_5
ADC3.Channel-23\#ChannelRegularConversion=ADC_CHANNEL_6
ADC3.Channel-24\#ChannelRegularConversion=ADC_CHANNEL_9
ADC3.Channel-25\#ChannelRegularConversion=ADC_CHANNEL_14
ADC3.Channel-26\#ChannelRegularConversion=ADC_CHANNEL_15
ADC3.ClockPrescaler=ADC_CLOCK_SYNC_PCLK_DIV8
ADC3.ContinuousConvMode=ENABLE
ADC3.DMAContinuousRequests=ENABLE
ADC3.DataAlign=ADC_DATAALIGN_RIGHT
ADC3.DiscontinuousConvMode=DISABLE
ADC3.EOCSelection=ADC_EOC_SINGLE_CONV
ADC3.EnableAnalogWatchDog=false
ADC3.ExternalTrigConv=ADC_SOFTWARE_START
ADC3.ExternalTrigConvEdge=ADC_EXTERNALTRIGCONVEDGE_NONE
ADC3.IPParameters=Rank-21\#ChannelRegularConversion,Channel-21\#ChannelRegularConversion,SamplingTime-21\#ChannelRegularConversion,NbrOfConversionFlag,ClockPrescaler,Rank-22\#ChannelRegularConversion,Channel-22\#ChannelRegularConversion,SamplingTime-22\#ChannelRegularConversion,Rank-23\#ChannelRegularConversion,Channel-23\#ChannelRegularConversion,SamplingTime-23\#ChannelRegularConversion,Rank-24\#ChannelRegularConversion,Channel-24\#ChannelRegularConversion,SamplingTime-24\#ChannelRegularConversion,Rank-25\#ChannelRegularConversion,Channel-25\#ChannelRegularConversion,SamplingTime-25\#ChannelRegularConversion,Rank-26\#ChannelRegularConversion,Channel-26\#ChannelRegularConversion,SamplingTime-26\#ChannelRegularConversion,NbrOfConversion,ScanConvMode,ContinuousConvMode,DMAContinuousRequests,Resolution,DataAlign,DiscontinuousConvMode,EOCSelection,ExternalTrigConv,ExternalTrigConvEdge,InjNumberOfConversion,EnableAnalogWatchDog
ADC3.InjNumberOfConversion=0
ADC3.NbrOfConversion=6
ADC3.NbrOfConversionFlag=1
ADC3.Rank-21\#ChannelRegularConversion=1
ADC3.Rank-22\#ChannelRegularConversion=2
ADC3.Rank-23\#ChannelRegularConversion=3
ADC3.Rank-24\#ChannelRegularConversion=4
ADC3.Rank-25\#ChannelRegularConversion=5
ADC3.Rank-26\#ChannelRegularConversion=6
ADC3.Resolution=ADC_RESOLUTION_12B
ADC3.SamplingTime-21\#ChannelRegularConversion=ADC_SAMPLETIME_144CYCLES
ADC3.SamplingTime-22\#ChannelRegularConversion=ADC_SAMPLETIME_144CYCLES
ADC3.SamplingTime-23\#ChannelRegularConversion=ADC_SAMPLETIME_144CYCLES
ADC3.SamplingTime-24\#ChannelRegularConversion=ADC_SAMPLETIME_144CYCLES
ADC3.SamplingTime-25\#ChannelRegularConversion=ADC_SAMPLETIME_144CYCLES
ADC3.SamplingTime-26\#ChannelRegularConversion=ADC_SAMPLETIME_144CYCLES
ADC3.ScanConvMode=ENABLE
CAN1.BS1=CAN_BS1_5TQ
CAN1.BS2=CAN_BS2_2TQ
CAN1.CalculateTimeBit=1000
CAN1.CalculateTimeQuantum=125.0
CAN1.IPParameters=CalculateTimeQuantum,CalculateTimeBit,Prescaler,BS1,BS2
CAN1.Prescaler=5
CAN2.BS1=CAN_BS1_5TQ
CAN2.BS2=CAN_BS2_2TQ
CAN2.CalculateTimeBit=1000
CAN2.CalculateTimeQuantum=125.0
CAN2.IPParameters=CalculateTimeQuantum,CalculateTimeBit,BS1,Prescaler,BS2
CAN2.Prescaler=5
Dma.ADC3.0.Direction=DMA_PERIPH_TO_MEMORY
Dma.ADC3.0.FIFOMode=DMA_FIFOMODE_DISABLE
Dma.ADC3.0.Instance=DMA2_Stream0
Dma.ADC3.0.MemDataAlignment=DMA_MDATAALIGN_WORD
Dma.ADC3.0.MemInc=DMA_MINC_ENABLE
Dma.ADC3.0.Mode=DMA_CIRCULAR
Dma.ADC3.0.PeriphDataAlignment=DMA_PDATAALIGN_WORD
Dma.ADC3.0.PeriphInc=DMA_PINC_DISABLE
Dma.ADC3.0.Priority=DMA_PRIORITY_VERY_HIGH
Dma.ADC3.0.RequestParameters=Instance,Direction,PeriphInc,MemInc,PeriphDataAlignment,MemDataAlignment,Mode,Priority,FIFOMode
Dma.Request0=ADC3
Dma.RequestsNb=1
File.Version=6
KeepUserPlacement=false
Mcu.Family=STM32F4
Mcu.IP0=ADC1
Mcu.IP1=ADC3
Mcu.IP10=TIM2
Mcu.IP11=TIM3
Mcu.IP12=TIM4
Mcu.IP13=TIM5
Mcu.IP14=TIM9
Mcu.IP15=TIM10
Mcu.IP16=TIM11
Mcu.IP17=USART1
Mcu.IP18=USART2
Mcu.IP19=USART3
Mcu.IP2=CAN1
Mcu.IP20=USART6
Mcu.IP3=CAN2
Mcu.IP4=DAC
Mcu.IP5=DMA
Mcu.IP6=NVIC
Mcu.IP7=RCC
Mcu.IP8=SYS
Mcu.IP9=TIM1
Mcu.IPNb=21
Mcu.Name=STM32F407Z(E-G)Tx
Mcu.Package=LQFP144
Mcu.Pin0=PE2
Mcu.Pin1=PE3
Mcu.Pin10=PF6
Mcu.Pin11=PF7
Mcu.Pin12=PF8
Mcu.Pin13=PH0-OSC_IN
Mcu.Pin14=PH1-OSC_OUT
Mcu.Pin15=PC0
Mcu.Pin16=PC1
Mcu.Pin17=PC2
Mcu.Pin18=PC3
Mcu.Pin19=PA0-WKUP
Mcu.Pin2=PE4
Mcu.Pin20=PA1
Mcu.Pin21=PA2
Mcu.Pin22=PA3
Mcu.Pin23=PA4
Mcu.Pin24=PA5
Mcu.Pin25=PA6
Mcu.Pin26=PA7
Mcu.Pin27=PC4
Mcu.Pin28=PC5
Mcu.Pin29=PB0
Mcu.Pin3=PE5
Mcu.Pin30=PB1
Mcu.Pin31=PF11
Mcu.Pin32=PF12
Mcu.Pin33=PF13
Mcu.Pin34=PF14
Mcu.Pin35=PF15
Mcu.Pin36=PG0
Mcu.Pin37=PG1
Mcu.Pin38=PE9
Mcu.Pin39=PE11
Mcu.Pin4=PE6
Mcu.Pin40=PE13
Mcu.Pin41=PE14
Mcu.Pin42=PB12
Mcu.Pin43=PB13
Mcu.Pin44=PD8
Mcu.Pin45=PD9
Mcu.Pin46=PD12
Mcu.Pin47=PD13
Mcu.Pin48=PD14
Mcu.Pin49=PD15
Mcu.Pin5=PC14-OSC32_IN
Mcu.Pin50=PG2
Mcu.Pin51=PG3
Mcu.Pin52=PG4
Mcu.Pin53=PG5
Mcu.Pin54=PG6
Mcu.Pin55=PG7
Mcu.Pin56=PG8
Mcu.Pin57=PC6
Mcu.Pin58=PC7
Mcu.Pin59=PC8
Mcu.Pin6=PC15-OSC32_OUT
Mcu.Pin60=PC9
Mcu.Pin61=PA8
Mcu.Pin62=PA9
Mcu.Pin63=PA10
Mcu.Pin64=PA11
Mcu.Pin65=PA12
Mcu.Pin66=PA13
Mcu.Pin67=PA14
Mcu.Pin68=PA15
Mcu.Pin69=PD0
Mcu.Pin7=PF3
Mcu.Pin70=PD1
Mcu.Pin71=PD5
Mcu.Pin72=PD6
Mcu.Pin73=PG9
Mcu.Pin74=PG14
Mcu.Pin75=PB3
Mcu.Pin76=PB4
Mcu.Pin77=PB5
Mcu.Pin78=PB6
Mcu.Pin79=PB7
Mcu.Pin8=PF4
Mcu.Pin80=PB8
Mcu.Pin81=PB9
Mcu.Pin82=PE0
Mcu.Pin83=PE1
Mcu.Pin84=VP_ADC1_Vref_Input
Mcu.Pin85=VP_SYS_VS_Systick
Mcu.Pin86=VP_TIM1_VS_ClockSourceINT
Mcu.Pin87=VP_TIM2_VS_ClockSourceINT
Mcu.Pin88=VP_TIM3_VS_ClockSourceINT
Mcu.Pin89=VP_TIM4_VS_ClockSourceINT
Mcu.Pin9=PF5
Mcu.Pin90=VP_TIM5_VS_ClockSourceINT
Mcu.Pin91=VP_TIM9_VS_ClockSourceINT
Mcu.Pin92=VP_TIM10_VS_ClockSourceINT
Mcu.Pin93=VP_TIM11_VS_ClockSourceINT
Mcu.PinsNb=94
Mcu.UserConstants=
Mcu.UserName=STM32F407ZETx
MxCube.Version=4.23.0
MxDb.Version=DB.4.0.230
NVIC.BusFault_IRQn=true\:0\:0\:false\:false\:true\:true
NVIC.DMA2_Stream0_IRQn=true\:0\:0\:false\:false\:true\:false
NVIC.DebugMonitor_IRQn=true\:0\:0\:false\:false\:true\:true
NVIC.HardFault_IRQn=true\:0\:0\:false\:false\:true\:true
NVIC.MemoryManagement_IRQn=true\:0\:0\:false\:false\:true\:true
NVIC.NonMaskableInt_IRQn=true\:0\:0\:false\:false\:true\:true
NVIC.PendSV_IRQn=true\:0\:0\:false\:false\:true\:true
NVIC.PriorityGroup=NVIC_PRIORITYGROUP_3
NVIC.SVCall_IRQn=true\:0\:0\:false\:false\:true\:true
NVIC.SysTick_IRQn=true\:0\:0\:false\:false\:true\:true
NVIC.USART1_IRQn=true\:0\:0\:false\:false\:true\:true
NVIC.USART6_IRQn=true\:0\:0\:false\:false\:true\:true
NVIC.UsageFault_IRQn=true\:0\:0\:false\:false\:true\:true
PA0-WKUP.Signal=S_TIM2_CH1_ETR
PA1.Signal=S_TIM2_CH2
PA10.Locked=true
PA10.Mode=Asynchronous
PA10.Signal=USART1_RX
PA11.Locked=true
PA11.Signal=GPIO_Input
PA12.Locked=true
PA12.Signal=GPIO_Input
PA13.Locked=true
PA13.Signal=GPIO_Input
PA14.Locked=true
PA14.Signal=GPIO_Input
PA15.Locked=true
PA15.Signal=GPIO_Input
PA2.Signal=S_TIM2_CH3
PA3.Signal=S_TIM2_CH4
PA4.Signal=COMP_DAC1_group
PA5.Signal=COMP_DAC2_group
PA6.Locked=true
PA6.Signal=S_TIM3_CH1
PA7.Signal=S_TIM3_CH2
PA8.Mode=Clock-out-1
PA8.Signal=RCC_MCO_1
PA9.Mode=Asynchronous
PA9.Signal=USART1_TX
PB0.Signal=S_TIM3_CH3
PB1.Locked=true
PB1.Signal=S_TIM3_CH4
PB12.Mode=Slave
PB12.Signal=CAN2_RX
PB13.Mode=Slave
PB13.Signal=CAN2_TX
PB3.Locked=true
PB3.Signal=GPIO_Input
PB4.Locked=true
PB4.Signal=GPIO_Input
PB5.Locked=true
PB5.Signal=GPIO_Input
PB6.Locked=true
PB6.Signal=GPIO_Input
PB7.Locked=true
PB7.Signal=GPIO_Input
PB8.Locked=true
PB8.Signal=GPIO_Input
PB9.Locked=true
PB9.Signal=GPIO_Input
PC0.Signal=ADCx_IN10
PC1.Signal=ADCx_IN11
PC14-OSC32_IN.Mode=LSE-External-Oscillator
PC14-OSC32_IN.Signal=RCC_OSC32_IN
PC15-OSC32_OUT.Mode=LSE-External-Oscillator
PC15-OSC32_OUT.Signal=RCC_OSC32_OUT
PC2.Signal=ADCx_IN12
PC3.Signal=ADCx_IN13
PC4.Signal=ADCx_IN14
PC5.Signal=ADCx_IN15
PC6.Locked=true
PC6.Signal=GPIO_Input
PC7.Locked=true
PC7.Signal=GPIO_Input
PC8.Locked=true
PC8.Signal=GPIO_Input
PC9.Locked=true
PC9.Signal=GPIO_Input
PCC.Checker=false
PCC.Line=STM32F407/417
PCC.MCU=STM32F407Z(E-G)Tx
PCC.PartNumber=STM32F407ZETx
PCC.Seq0=0
PCC.Series=STM32F4
PCC.Temperature=25
PCC.Vdd=3.3
PD0.Locked=true
PD0.Mode=Master
PD0.Signal=CAN1_RX
PD1.Locked=true
PD1.Mode=Master
PD1.Signal=CAN1_TX
PD12.Signal=S_TIM4_CH1
PD13.Signal=S_TIM4_CH2
PD14.Signal=S_TIM4_CH3
PD15.Signal=S_TIM4_CH4
PD5.Locked=true
PD5.Mode=Asynchronous
PD5.Signal=USART2_TX
PD6.Locked=true
PD6.Mode=Asynchronous
PD6.Signal=USART2_RX
PD8.Locked=true
PD8.Mode=Asynchronous
PD8.Signal=USART3_TX
PD9.Locked=true
PD9.Mode=Asynchronous
PD9.Signal=USART3_RX
PE0.Locked=true
PE0.Signal=GPIO_Input
PE1.Locked=true
PE1.Signal=GPIO_Input
PE11.Signal=S_TIM1_CH2
PE13.Signal=S_TIM1_CH3
PE14.Signal=S_TIM1_CH4
PE2.Locked=true
PE2.Signal=GPIO_Input
PE3.Locked=true
PE3.Signal=GPIO_Input
PE4.Locked=true
PE4.Signal=GPIO_Input
PE5.Locked=true
PE5.Signal=GPIO_Input
PE6.Locked=true
PE6.Signal=GPIO_Input
PE9.Signal=S_TIM1_CH1
PF11.Locked=true
PF11.Signal=GPIO_Input
PF12.Locked=true
PF12.Signal=GPIO_Input
PF13.Locked=true
PF13.Signal=GPIO_Input
PF14.Locked=true
PF14.Signal=GPIO_Input
PF15.Locked=true
PF15.Signal=GPIO_Input
PF3.Mode=IN9
PF3.Signal=ADC3_IN9
PF4.Mode=IN14
PF4.Signal=ADC3_IN14
PF5.Mode=IN15
PF5.Signal=ADC3_IN15
PF6.Mode=IN4
PF6.Signal=ADC3_IN4
PF7.Mode=IN5
PF7.Signal=ADC3_IN5
PF8.Mode=IN6
PF8.Signal=ADC3_IN6
PG0.Locked=true
PG0.Signal=GPIO_Input
PG1.Locked=true
PG1.Signal=GPIO_Input
PG14.Locked=true
PG14.Mode=Asynchronous
PG14.Signal=USART6_TX
PG2.Locked=true
PG2.Signal=GPIO_Input
PG3.Locked=true
PG3.Signal=GPIO_Input
PG4.Locked=true
PG4.Signal=GPIO_Input
PG5.Locked=true
PG5.Signal=GPIO_Input
PG6.Locked=true
PG6.Signal=GPIO_Input
PG7.Locked=true
PG7.Signal=GPIO_Input
PG8.Locked=true
PG8.Signal=GPIO_Input
PG9.Locked=true
PG9.Mode=Asynchronous
PG9.Signal=USART6_RX
PH0-OSC_IN.Mode=HSE-External-Oscillator
PH0-OSC_IN.Signal=RCC_OSC_IN
PH1-OSC_OUT.Mode=HSE-External-Oscillator
PH1-OSC_OUT.Signal=RCC_OSC_OUT
PinOutPanel.RotationAngle=0
ProjectManager.AskForMigrate=true
ProjectManager.BackupPrevious=false
ProjectManager.CompilerOptimize=2
ProjectManager.ComputerToolchain=false
ProjectManager.CoupleFile=false
ProjectManager.CustomerFirmwarePackage=C\:/Users/xiayu/STM32Cube/Repository/STM32Cube_FW_F4_V1.18.0
ProjectManager.DefaultFWLocation=true
ProjectManager.DeletePrevious=true
ProjectManager.DeviceId=STM32F407ZETx
ProjectManager.FirmwarePackage=STM32Cube FW_F4 V1.18.0
ProjectManager.FreePins=false
ProjectManager.HalAssertFull=false
ProjectManager.HeapSize=0x200
ProjectManager.KeepUserCode=true
ProjectManager.LastFirmware=true
ProjectManager.LibraryCopy=2
ProjectManager.PreviousToolchain=
ProjectManager.ProjectBuild=false
ProjectManager.ProjectFileName=RoboECUST_Manual.ioc
ProjectManager.ProjectName=RoboECUST_Manual
ProjectManager.StackSize=0x400
ProjectManager.TargetToolchain=MDK-ARM V5
ProjectManager.ToolChainLocation=
ProjectManager.UnderRoot=false
ProjectManager.functionlistsort=1-MX_GPIO_Init-GPIO-false-HAL,2-MX_DMA_Init-DMA-false-HAL,3-SystemClock_Config-RCC-false-HAL,4-MX_ADC1_Init-ADC1-false-HAL,5-MX_CAN2_Init-CAN2-false-HAL,6-MX_DAC_Init-DAC-false-HAL,7-MX_TIM1_Init-TIM1-false-HAL,8-MX_TIM2_Init-TIM2-false-HAL,9-MX_TIM3_Init-TIM3-false-HAL,10-MX_TIM4_Init-TIM4-false-HAL,11-MX_USART1_UART_Init-USART1-false-HAL,12-MX_USART2_UART_Init-USART2-false-HAL,13-MX_USART3_UART_Init-USART3-false-HAL,14-MX_USART6_UART_Init-USART6-false-HAL,15-MX_TIM9_Init-TIM9-false-HAL,16-MX_TIM10_Init-TIM10-false-HAL,17-MX_TIM11_Init-TIM11-false-HAL,18-MX_TIM5_Init-TIM5-false-HAL,19-MX_CAN1_Init-CAN1-false-HAL,20-MX_ADC3_Init-ADC3-false-HAL
RCC.48MHZClocksFreq_Value=80000000
RCC.AHBFreq_Value=160000000
RCC.APB1CLKDivider=RCC_HCLK_DIV4
RCC.APB1Freq_Value=40000000
RCC.APB1TimFreq_Value=80000000
RCC.APB2CLKDivider=RCC_HCLK_DIV2
RCC.APB2Freq_Value=80000000
RCC.APB2TimFreq_Value=160000000
RCC.CortexFreq_Value=160000000
RCC.EthernetFreq_Value=160000000
RCC.FCLKCortexFreq_Value=160000000
RCC.FamilyName=M
RCC.HCLKFreq_Value=160000000
RCC.HSE_VALUE=8000000
RCC.HSI_VALUE=16000000
RCC.I2SClocksFreq_Value=192000000
RCC.IPParameters=48MHZClocksFreq_Value,AHBFreq_Value,APB1CLKDivider,APB1Freq_Value,APB1TimFreq_Value,APB2CLKDivider,APB2Freq_Value,APB2TimFreq_Value,CortexFreq_Value,EthernetFreq_Value,FCLKCortexFreq_Value,FamilyName,HCLKFreq_Value,HSE_VALUE,HSI_VALUE,I2SClocksFreq_Value,LSI_VALUE,MCO1PinFreq_Value,MCO2PinFreq_Value,PLLCLKFreq_Value,PLLM,PLLN,PLLQCLKFreq_Value,PLLSourceVirtual,RCC_MCODiv1,RCC_MCODiv2,RCC_RTC_Clock_Source,RCC_RTC_Clock_SourceVirtual,RTCFreq_Value,RTCHSEDivFreq_Value,SYSCLKFreq_VALUE,SYSCLKSource,VCOI2SOutputFreq_Value,VCOInputFreq_Value,VCOOutputFreq_Value,VcooutputI2S
RCC.LSI_VALUE=32000
RCC.MCO1PinFreq_Value=8000000
RCC.MCO2PinFreq_Value=80000000
RCC.PLLCLKFreq_Value=160000000
RCC.PLLM=4
RCC.PLLN=160
RCC.PLLQCLKFreq_Value=80000000
RCC.PLLSourceVirtual=RCC_PLLSOURCE_HSE
RCC.RCC_MCODiv1=RCC_MCODIV_2
RCC.RCC_MCODiv2=RCC_MCODIV_2
RCC.RCC_RTC_Clock_Source=RCC_RTCCLKSOURCE_LSE
RCC.RCC_RTC_Clock_SourceVirtual=RCC_RTCCLKSOURCE_LSE
RCC.RTCFreq_Value=32768
RCC.RTCHSEDivFreq_Value=4000000
RCC.SYSCLKFreq_VALUE=160000000
RCC.SYSCLKSource=RCC_SYSCLKSOURCE_PLLCLK
RCC.VCOI2SOutputFreq_Value=384000000
RCC.VCOInputFreq_Value=2000000
RCC.VCOOutputFreq_Value=320000000
RCC.VcooutputI2S=192000000
SH.ADCx_IN10.0=ADC1_IN10,IN10
SH.ADCx_IN10.ConfNb=1
SH.ADCx_IN11.0=ADC1_IN11,IN11
SH.ADCx_IN11.ConfNb=1
SH.ADCx_IN12.0=ADC1_IN12,IN12
SH.ADCx_IN12.ConfNb=1
SH.ADCx_IN13.0=ADC1_IN13,IN13
SH.ADCx_IN13.ConfNb=1
SH.ADCx_IN14.0=ADC1_IN14,IN14
SH.ADCx_IN14.ConfNb=1
SH.ADCx_IN15.0=ADC1_IN15,IN15
SH.ADCx_IN15.ConfNb=1
SH.COMP_DAC1_group.0=DAC_OUT1,DAC_OUT1
SH.COMP_DAC1_group.ConfNb=1
SH.COMP_DAC2_group.0=DAC_OUT2,DAC_OUT2
SH.COMP_DAC2_group.ConfNb=1
SH.S_TIM1_CH1.0=TIM1_CH1,PWM Generation1 CH1
SH.S_TIM1_CH1.ConfNb=1
SH.S_TIM1_CH2.0=TIM1_CH2,PWM Generation2 CH2
SH.S_TIM1_CH2.ConfNb=1
SH.S_TIM1_CH3.0=TIM1_CH3,PWM Generation3 CH3
SH.S_TIM1_CH3.ConfNb=1
SH.S_TIM1_CH4.0=TIM1_CH4,PWM Generation4 CH4
SH.S_TIM1_CH4.ConfNb=1
SH.S_TIM2_CH1_ETR.0=TIM2_CH1,PWM Generation1 CH1
SH.S_TIM2_CH1_ETR.ConfNb=1
SH.S_TIM2_CH2.0=TIM2_CH2,PWM Generation2 CH2
SH.S_TIM2_CH2.ConfNb=1
SH.S_TIM2_CH3.0=TIM2_CH3,PWM Generation3 CH3
SH.S_TIM2_CH3.ConfNb=1
SH.S_TIM2_CH4.0=TIM2_CH4,PWM Generation4 CH4
SH.S_TIM2_CH4.ConfNb=1
SH.S_TIM3_CH1.0=TIM3_CH1,PWM Generation1 CH1
SH.S_TIM3_CH1.ConfNb=1
SH.S_TIM3_CH2.0=TIM3_CH2,PWM Generation2 CH2
SH.S_TIM3_CH2.ConfNb=1
SH.S_TIM3_CH3.0=TIM3_CH3,PWM Generation3 CH3
SH.S_TIM3_CH3.ConfNb=1
SH.S_TIM3_CH4.0=TIM3_CH4,PWM Generation4 CH4
SH.S_TIM3_CH4.ConfNb=1
SH.S_TIM4_CH1.0=TIM4_CH1,PWM Generation1 CH1
SH.S_TIM4_CH1.ConfNb=1
SH.S_TIM4_CH2.0=TIM4_CH2,PWM Generation2 CH2
SH.S_TIM4_CH2.ConfNb=1
SH.S_TIM4_CH3.0=TIM4_CH3,PWM Generation3 CH3
SH.S_TIM4_CH3.ConfNb=1
SH.S_TIM4_CH4.0=TIM4_CH4,PWM Generation4 CH4
SH.S_TIM4_CH4.ConfNb=1
TIM1.Channel-PWM\ Generation1\ CH1=TIM_CHANNEL_1
TIM1.Channel-PWM\ Generation2\ CH2=TIM_CHANNEL_2
TIM1.Channel-PWM\ Generation3\ CH3=TIM_CHANNEL_3
TIM1.Channel-PWM\ Generation4\ CH4=TIM_CHANNEL_4
TIM1.IPParameters=Channel-PWM Generation1 CH1,Channel-PWM Generation2 CH2,Channel-PWM Generation3 CH3,Channel-PWM Generation4 CH4
TIM10.IPParameters=Prescaler,Period
TIM10.Period=19
TIM10.Prescaler=64000
TIM11.IPParameters=Prescaler,Period
TIM11.Period=1999
TIM11.Prescaler=64
TIM2.Channel-PWM\ Generation1\ CH1=TIM_CHANNEL_1
TIM2.Channel-PWM\ Generation2\ CH2=TIM_CHANNEL_2
TIM2.Channel-PWM\ Generation3\ CH3=TIM_CHANNEL_3
TIM2.Channel-PWM\ Generation4\ CH4=TIM_CHANNEL_4
TIM2.IPParameters=Channel-PWM Generation1 CH1,Channel-PWM Generation2 CH2,Channel-PWM Generation3 CH3,Channel-PWM Generation4 CH4,Prescaler,Period,Pulse-PWM Generation1 CH1,Pulse-PWM Generation2 CH2,Pulse-PWM Generation3 CH3,Pulse-PWM Generation4 CH4
TIM2.Period=19999
TIM2.Prescaler=80
TIM2.Pulse-PWM\ Generation1\ CH1=1500
TIM2.Pulse-PWM\ Generation2\ CH2=1500
TIM2.Pulse-PWM\ Generation3\ CH3=1500
TIM2.Pulse-PWM\ Generation4\ CH4=1500
TIM3.Channel-PWM\ Generation1\ CH1=TIM_CHANNEL_1
TIM3.Channel-PWM\ Generation2\ CH2=TIM_CHANNEL_2
TIM3.Channel-PWM\ Generation3\ CH3=TIM_CHANNEL_3
TIM3.Channel-PWM\ Generation4\ CH4=TIM_CHANNEL_4
TIM3.IPParameters=Channel-PWM Generation1 CH1,Channel-PWM Generation2 CH2,Channel-PWM Generation3 CH3,Channel-PWM Generation4 CH4,Prescaler,Period,Pulse-PWM Generation1 CH1,Pulse-PWM Generation2 CH2,Pulse-PWM Generation3 CH3,Pulse-PWM Generation4 CH4
TIM3.Period=19999
TIM3.Prescaler=80
TIM3.Pulse-PWM\ Generation1\ CH1=1500
TIM3.Pulse-PWM\ Generation2\ CH2=1500
TIM3.Pulse-PWM\ Generation3\ CH3=1500
TIM3.Pulse-PWM\ Generation4\ CH4=1500
TIM4.Channel-PWM\ Generation1\ CH1=TIM_CHANNEL_1
TIM4.Channel-PWM\ Generation2\ CH2=TIM_CHANNEL_2
TIM4.Channel-PWM\ Generation3\ CH3=TIM_CHANNEL_3
TIM4.Channel-PWM\ Generation4\ CH4=TIM_CHANNEL_4
TIM4.IPParameters=Channel-PWM Generation1 CH1,Channel-PWM Generation2 CH2,Channel-PWM Generation3 CH3,Channel-PWM Generation4 CH4
TIM5.IPParameters=Prescaler,Period
TIM5.Period=4294967295
TIM5.Prescaler=79
TIM9.IPParameters=Prescaler,Period
TIM9.Period=49
TIM9.Prescaler=64000
USART1.IPParameters=VirtualMode
USART1.VirtualMode=VM_ASYNC
USART2.IPParameters=VirtualMode
USART2.VirtualMode=VM_ASYNC
USART3.IPParameters=VirtualMode
USART3.VirtualMode=VM_ASYNC
USART6.IPParameters=VirtualMode
USART6.VirtualMode=VM_ASYNC
VP_ADC1_Vref_Input.Mode=IN-Vrefint
VP_ADC1_Vref_Input.Signal=ADC1_Vref_Input
VP_SYS_VS_Systick.Mode=SysTick
VP_SYS_VS_Systick.Signal=SYS_VS_Systick
VP_TIM10_VS_ClockSourceINT.Mode=Enable_Timer
VP_TIM10_VS_ClockSourceINT.Signal=TIM10_VS_ClockSourceINT
VP_TIM11_VS_ClockSourceINT.Mode=Enable_Timer
VP_TIM11_VS_ClockSourceINT.Signal=TIM11_VS_ClockSourceINT
VP_TIM1_VS_ClockSourceINT.Mode=Internal
VP_TIM1_VS_ClockSourceINT.Signal=TIM1_VS_ClockSourceINT
VP_TIM2_VS_ClockSourceINT.Mode=Internal
VP_TIM2_VS_ClockSourceINT.Signal=TIM2_VS_ClockSourceINT
VP_TIM3_VS_ClockSourceINT.Mode=Internal
VP_TIM3_VS_ClockSourceINT.Signal=TIM3_VS_ClockSourceINT
VP_TIM4_VS_ClockSourceINT.Mode=Internal
VP_TIM4_VS_ClockSourceINT.Signal=TIM4_VS_ClockSourceINT
VP_TIM5_VS_ClockSourceINT.Mode=Internal
VP_TIM5_VS_ClockSourceINT.Signal=TIM5_VS_ClockSourceINT
VP_TIM9_VS_ClockSourceINT.Mode=Internal
VP_TIM9_VS_ClockSourceINT.Signal=TIM9_VS_ClockSourceINT
board=RoboECUST_Manual
